
Microsoft Visual Studio Solution File, Format Version 12.00
# Visual Studio Version 17
VisualStudioVersion = 17.3.32825.248
MinimumVisualStudioVersion = 10.0.40219.1
Project("{FAE04EC0-301F-11D3-BF4B-00C04F79EFBC}") = "Week8EpicGame", "Week8EpicGame\Week8EpicGame.csproj", "{8AEEFCE1-C1B2-4AB2-AAF5-D8C5F424ACBD}"
EndProject
Global
	GlobalSection(SolutionConfigurationPlatforms) = preSolution
		Debug|Any CPU = Debug|Any CPU
		Release|Any CPU = Release|Any CPU
	EndGlobalSection
	GlobalSection(ProjectConfigurationPlatforms) = postSolution
		{8AEEFCE1-C1B2-4AB2-AAF5-D8C5F424ACBD}.Debug|Any CPU.ActiveCfg = Debug|Any CPU
		{8AEEFCE1-C1B2-4AB2-AAF5-D8C5F424ACBD}.Debug|Any CPU.Build.0 = Debug|Any CPU
		{8AEEFCE1-C1B2-4AB2-AAF5-D8C5F424ACBD}.Release|Any CPU.ActiveCfg = Release|Any CPU
		{8AEEFCE1-C1B2-4AB2-AAF5-D8C5F424ACBD}.Release|Any CPU.Build.0 = Release|Any CPU
	EndGlobalSection
	GlobalSection(SolutionProperties) = preSolution
		HideSolutionNode = FALSE
	EndGlobalSection
	GlobalSection(ExtensibilityGlobals) = postSolution
		SolutionGuid = {B0B7B240-2D2E-47B3-9884-CCAEEA43BFF8}
	EndGlobalSection
EndGlobal
